
Microsoft Visual Studio Solution File, Format Version 12.00
# Visual Studio Version 17
VisualStudioVersion = 17.10.34928.147
MinimumVisualStudioVersion = 10.0.40219.1
Project("{FAE04EC0-301F-11D3-BF4B-00C04F79EFBC}") = "VideoShare_BackEnd", "VideoShare_BackEnd\VideoShare_BackEnd.csproj", "{86EA538C-F297-40B7-BD1E-67B9883D0BAE}"
EndProject
Global
	GlobalSection(SolutionConfigurationPlatforms) = preSolution
		Debug|Any CPU = Debug|Any CPU
		Release|Any CPU = Release|Any CPU
	EndGlobalSection
	GlobalSection(ProjectConfigurationPlatforms) = postSolution
		{86EA538C-F297-40B7-BD1E-67B9883D0BAE}.Debug|Any CPU.ActiveCfg = Debug|Any CPU
		{86EA538C-F297-40B7-BD1E-67B9883D0BAE}.Debug|Any CPU.Build.0 = Debug|Any CPU
		{86EA538C-F297-40B7-BD1E-67B9883D0BAE}.Release|Any CPU.ActiveCfg = Release|Any CPU
		{86EA538C-F297-40B7-BD1E-67B9883D0BAE}.Release|Any CPU.Build.0 = Release|Any CPU
	EndGlobalSection
	GlobalSection(SolutionProperties) = preSolution
		HideSolutionNode = FALSE
	EndGlobalSection
	GlobalSection(ExtensibilityGlobals) = postSolution
		SolutionGuid = {7E786785-8DED-4C0D-B015-DDA32D87C54D}
	EndGlobalSection
EndGlobal
